
Microsoft Visual Studio Solution File, Format Version 12.00
# Visual Studio Version 17
VisualStudioVersion = 17.1.32228.430
MinimumVisualStudioVersion = 10.0.40219.1
Project("{9A19103F-16F7-4668-BE54-9A1E7A4F7556}") = "CarbonField", "CarbonField.csproj", "{B226D886-FD7D-4BC8-87B1-57B3E88C9950}"
EndProject
Project("{9A19103F-16F7-4668-BE54-9A1E7A4F7556}") = "CarbonFieldServer", "..\..\source\repos\CarbonFieldServer\CarbonFieldServer\CarbonFieldServer.csproj", "{B162E62B-79D7-4FE1-87F2-AAC62330E8E5}"
EndProject
Project("{D954291E-2A0B-460D-934E-DC6B0785DB48}") = "Bindings", "..\..\source\repos\CarbonFieldServer\Bindings\Bindings.shproj", "{4BBB73C3-6872-4A4F-80D1-C3F45FCA8332}"
EndProject
Global
	GlobalSection(SharedMSBuildProjectFiles) = preSolution
		..\..\source\repos\CarbonFieldServer\Bindings\Bindings.projitems*{4bbb73c3-6872-4a4f-80d1-c3f45fca8332}*SharedItemsImports = 13
		..\..\source\repos\CarbonFieldServer\Bindings\Bindings.projitems*{b162e62b-79d7-4fe1-87f2-aac62330e8e5}*SharedItemsImports = 5
		..\..\source\repos\CarbonFieldServer\Bindings\Bindings.projitems*{b226d886-fd7d-4bc8-87b1-57b3e88c9950}*SharedItemsImports = 5
	EndGlobalSection
	GlobalSection(SolutionConfigurationPlatforms) = preSolution
		Debug|Any CPU = Debug|Any CPU
		Release|Any CPU = Release|Any CPU
	EndGlobalSection
	GlobalSection(ProjectConfigurationPlatforms) = postSolution
		{B226D886-FD7D-4BC8-87B1-57B3E88C9950}.Debug|Any CPU.ActiveCfg = Debug|Any CPU
		{B226D886-FD7D-4BC8-87B1-57B3E88C9950}.Debug|Any CPU.Build.0 = Debug|Any CPU
		{B226D886-FD7D-4BC8-87B1-57B3E88C9950}.Release|Any CPU.ActiveCfg = Release|Any CPU
		{B226D886-FD7D-4BC8-87B1-57B3E88C9950}.Release|Any CPU.Build.0 = Release|Any CPU
		{B162E62B-79D7-4FE1-87F2-AAC62330E8E5}.Debug|Any CPU.ActiveCfg = Debug|Any CPU
		{B162E62B-79D7-4FE1-87F2-AAC62330E8E5}.Debug|Any CPU.Build.0 = Debug|Any CPU
		{B162E62B-79D7-4FE1-87F2-AAC62330E8E5}.Release|Any CPU.ActiveCfg = Release|Any CPU
		{B162E62B-79D7-4FE1-87F2-AAC62330E8E5}.Release|Any CPU.Build.0 = Release|Any CPU
	EndGlobalSection
	GlobalSection(SolutionProperties) = preSolution
		HideSolutionNode = FALSE
	EndGlobalSection
	GlobalSection(ExtensibilityGlobals) = postSolution
		SolutionGuid = {4AEB0638-D6E4-4BEC-9EFB-B79941F8417E}
	EndGlobalSection
EndGlobal
