
Microsoft Visual Studio Solution File, Format Version 12.00
# Visual Studio Version 17
VisualStudioVersion = 17.1.32228.430
MinimumVisualStudioVersion = 10.0.40219.1
Project("{9A19103F-16F7-4668-BE54-9A1E7A4F7556}") = "CarbonField", "CarbonField.csproj", "{B226D886-FD7D-4BC8-87B1-57B3E88C9950}"
EndProject
Project("{FAE04EC0-301F-11D3-BF4B-00C04F79EFBC}") = "CarbonFieldServer", "CarbonFieldServer\CarbonFieldServer.csproj", "{8C5F2D3F-9C2E-417B-AC53-F27846CB7ACD}"
EndProject
Project("{D954291E-2A0B-460D-934E-DC6B0785DB48}") = "Bindings", "Bindings\Bindings.shproj", "{F05B28FD-7197-4D04-AE70-E8E20BCD62DD}"
EndProject
Global
	GlobalSection(SharedMSBuildProjectFiles) = preSolution
		Bindings\Bindings.projitems*{8c5f2d3f-9c2e-417b-ac53-f27846cb7acd}*SharedItemsImports = 5
		Bindings\Bindings.projitems*{b226d886-fd7d-4bc8-87b1-57b3e88c9950}*SharedItemsImports = 5
		Bindings\Bindings.projitems*{f05b28fd-7197-4d04-ae70-e8e20bcd62dd}*SharedItemsImports = 13
	EndGlobalSection
	GlobalSection(SolutionConfigurationPlatforms) = preSolution
		Debug|Any CPU = Debug|Any CPU
		Release|Any CPU = Release|Any CPU
	EndGlobalSection
	GlobalSection(ProjectConfigurationPlatforms) = postSolution
		{B226D886-FD7D-4BC8-87B1-57B3E88C9950}.Debug|Any CPU.ActiveCfg = Debug|Any CPU
		{B226D886-FD7D-4BC8-87B1-57B3E88C9950}.Debug|Any CPU.Build.0 = Debug|Any CPU
		{B226D886-FD7D-4BC8-87B1-57B3E88C9950}.Release|Any CPU.ActiveCfg = Release|Any CPU
		{B226D886-FD7D-4BC8-87B1-57B3E88C9950}.Release|Any CPU.Build.0 = Release|Any CPU
		{8C5F2D3F-9C2E-417B-AC53-F27846CB7ACD}.Debug|Any CPU.ActiveCfg = Debug|Any CPU
		{8C5F2D3F-9C2E-417B-AC53-F27846CB7ACD}.Debug|Any CPU.Build.0 = Debug|Any CPU
		{8C5F2D3F-9C2E-417B-AC53-F27846CB7ACD}.Release|Any CPU.ActiveCfg = Release|Any CPU
		{8C5F2D3F-9C2E-417B-AC53-F27846CB7ACD}.Release|Any CPU.Build.0 = Release|Any CPU
	EndGlobalSection
	GlobalSection(SolutionProperties) = preSolution
		HideSolutionNode = FALSE
	EndGlobalSection
	GlobalSection(ExtensibilityGlobals) = postSolution
		SolutionGuid = {4AEB0638-D6E4-4BEC-9EFB-B79941F8417E}
	EndGlobalSection
EndGlobal
